
Microsoft Visual Studio Solution File, Format Version 12.00
# Visual Studio 15
Project("{FAE04EC0-301F-11D3-BF4B-00C04F79EFBC}") = "Assembly-CSharp", "Assembly-CSharp.csproj", "{37C64A19-DDE7-8F69-D19B-5FC2C8D635AD}"
EndProject
Global
	GlobalSection(SolutionConfigurationPlatforms) = preSolution
		Debug|Any CPU = Debug|Any CPU
		Release|Any CPU = Release|Any CPU
	EndGlobalSection
	GlobalSection(ProjectConfigurationPlatforms) = postSolution
		{37C64A19-DDE7-8F69-D19B-5FC2C8D635AD}.Debug|Any CPU.ActiveCfg = Debug|Any CPU
		{37C64A19-DDE7-8F69-D19B-5FC2C8D635AD}.Debug|Any CPU.Build.0 = Debug|Any CPU
		{37C64A19-DDE7-8F69-D19B-5FC2C8D635AD}.Release|Any CPU.ActiveCfg = Release|Any CPU
		{37C64A19-DDE7-8F69-D19B-5FC2C8D635AD}.Release|Any CPU.Build.0 = Release|Any CPU
	EndGlobalSection
	GlobalSection(SolutionProperties) = preSolution
		HideSolutionNode = FALSE
	EndGlobalSection
EndGlobal
